
Microsoft Visual Studio Solution File, Format Version 11.00
# Visual Studio 2010
Project("{FAE04EC0-301F-11D3-BF4B-00C04F79EFBC}") = "pinballGame", "Assembly-CSharp.csproj", "{AE6E57C3-CEED-1B00-94EA-9248D192E6AF}"
EndProject
Global
	GlobalSection(SolutionConfigurationPlatforms) = preSolution
		Debug|Any CPU = Debug|Any CPU
		Release|Any CPU = Release|Any CPU
	EndGlobalSection
	GlobalSection(ProjectConfigurationPlatforms) = postSolution
		{AE6E57C3-CEED-1B00-94EA-9248D192E6AF}.Debug|Any CPU.ActiveCfg = Debug|Any CPU
		{AE6E57C3-CEED-1B00-94EA-9248D192E6AF}.Debug|Any CPU.Build.0 = Debug|Any CPU
		{AE6E57C3-CEED-1B00-94EA-9248D192E6AF}.Release|Any CPU.ActiveCfg = Release|Any CPU
		{AE6E57C3-CEED-1B00-94EA-9248D192E6AF}.Release|Any CPU.Build.0 = Release|Any CPU
	EndGlobalSection
	GlobalSection(SolutionProperties) = preSolution
		HideSolutionNode = FALSE
	EndGlobalSection
	GlobalSection(MonoDevelopProperties) = preSolution
		StartupItem = Assembly-CSharp.csproj
	EndGlobalSection
EndGlobal
